
Microsoft Visual Studio Solution File, Format Version 12.00
# Visual Studio Version 17
VisualStudioVersion = 17.4.33403.182
MinimumVisualStudioVersion = 10.0.40219.1
Project("{FAE04EC0-301F-11D3-BF4B-00C04F79EFBC}") = "ImageExercise", "ImageExercise\ImageExercise.csproj", "{C48876A2-2169-48DF-BF7B-FE1B9F86396E}"
EndProject
Global
	GlobalSection(SolutionConfigurationPlatforms) = preSolution
		Debug|Any CPU = Debug|Any CPU
		Release|Any CPU = Release|Any CPU
	EndGlobalSection
	GlobalSection(ProjectConfigurationPlatforms) = postSolution
		{C48876A2-2169-48DF-BF7B-FE1B9F86396E}.Debug|Any CPU.ActiveCfg = Debug|Any CPU
		{C48876A2-2169-48DF-BF7B-FE1B9F86396E}.Debug|Any CPU.Build.0 = Debug|Any CPU
		{C48876A2-2169-48DF-BF7B-FE1B9F86396E}.Release|Any CPU.ActiveCfg = Release|Any CPU
		{C48876A2-2169-48DF-BF7B-FE1B9F86396E}.Release|Any CPU.Build.0 = Release|Any CPU
	EndGlobalSection
	GlobalSection(SolutionProperties) = preSolution
		HideSolutionNode = FALSE
	EndGlobalSection
	GlobalSection(ExtensibilityGlobals) = postSolution
		SolutionGuid = {39EC0AA4-85DA-4602-8242-E32EC1B06F03}
	EndGlobalSection
EndGlobal
