
Microsoft Visual Studio Solution File, Format Version 12.00
# Visual Studio Version 17
VisualStudioVersion = 17.4.33213.308
MinimumVisualStudioVersion = 10.0.40219.1
Project("{9A19103F-16F7-4668-BE54-9A1E7A4F7556}") = "Exercise1", "Exercise1\Exercise1.csproj", "{2ED79DF5-280C-4C9C-8C8F-93800BC55A3F}"
EndProject
Project("{FAE04EC0-301F-11D3-BF4B-00C04F79EFBC}") = "Exercise2Grid", "Exercise2Grid\Exercise2Grid.csproj", "{71639BDA-41CA-4811-B90F-39C8B935AC1B}"
EndProject
Global
	GlobalSection(SolutionConfigurationPlatforms) = preSolution
		Debug|Any CPU = Debug|Any CPU
		Release|Any CPU = Release|Any CPU
	EndGlobalSection
	GlobalSection(ProjectConfigurationPlatforms) = postSolution
		{2ED79DF5-280C-4C9C-8C8F-93800BC55A3F}.Debug|Any CPU.ActiveCfg = Debug|Any CPU
		{2ED79DF5-280C-4C9C-8C8F-93800BC55A3F}.Debug|Any CPU.Build.0 = Debug|Any CPU
		{2ED79DF5-280C-4C9C-8C8F-93800BC55A3F}.Release|Any CPU.ActiveCfg = Release|Any CPU
		{2ED79DF5-280C-4C9C-8C8F-93800BC55A3F}.Release|Any CPU.Build.0 = Release|Any CPU
		{71639BDA-41CA-4811-B90F-39C8B935AC1B}.Debug|Any CPU.ActiveCfg = Debug|Any CPU
		{71639BDA-41CA-4811-B90F-39C8B935AC1B}.Debug|Any CPU.Build.0 = Debug|Any CPU
		{71639BDA-41CA-4811-B90F-39C8B935AC1B}.Release|Any CPU.ActiveCfg = Release|Any CPU
		{71639BDA-41CA-4811-B90F-39C8B935AC1B}.Release|Any CPU.Build.0 = Release|Any CPU
	EndGlobalSection
	GlobalSection(SolutionProperties) = preSolution
		HideSolutionNode = FALSE
	EndGlobalSection
	GlobalSection(ExtensibilityGlobals) = postSolution
		SolutionGuid = {EFA8FD5D-5533-4062-9E57-4935704E0D05}
	EndGlobalSection
EndGlobal
