
Microsoft Visual Studio Solution File, Format Version 12.00
# Visual Studio Version 16
VisualStudioVersion = 16.0.31410.357
MinimumVisualStudioVersion = 10.0.40219.1
Project("{9A19103F-16F7-4668-BE54-9A1E7A4F7556}") = "Delopgave1", "Delopgave1\Delopgave1.csproj", "{F2D176BF-A802-4BC3-A7E1-38F4F929A9BB}"
EndProject
Project("{9A19103F-16F7-4668-BE54-9A1E7A4F7556}") = "Delopgave2", "Delopgave2\Delopgave2.csproj", "{343745E6-26A4-493C-A935-4E2B83D6BA00}"
EndProject
Project("{FAE04EC0-301F-11D3-BF4B-00C04F79EFBC}") = "Delopgave3", "Delopgave3\Delopgave3.csproj", "{8DC4BF1E-4A22-48AE-9809-2FEE688E6864}"
EndProject
Global
	GlobalSection(SolutionConfigurationPlatforms) = preSolution
		Debug|Any CPU = Debug|Any CPU
		Release|Any CPU = Release|Any CPU
	EndGlobalSection
	GlobalSection(ProjectConfigurationPlatforms) = postSolution
		{F2D176BF-A802-4BC3-A7E1-38F4F929A9BB}.Debug|Any CPU.ActiveCfg = Debug|Any CPU
		{F2D176BF-A802-4BC3-A7E1-38F4F929A9BB}.Debug|Any CPU.Build.0 = Debug|Any CPU
		{F2D176BF-A802-4BC3-A7E1-38F4F929A9BB}.Release|Any CPU.ActiveCfg = Release|Any CPU
		{F2D176BF-A802-4BC3-A7E1-38F4F929A9BB}.Release|Any CPU.Build.0 = Release|Any CPU
		{343745E6-26A4-493C-A935-4E2B83D6BA00}.Debug|Any CPU.ActiveCfg = Debug|Any CPU
		{343745E6-26A4-493C-A935-4E2B83D6BA00}.Debug|Any CPU.Build.0 = Debug|Any CPU
		{343745E6-26A4-493C-A935-4E2B83D6BA00}.Release|Any CPU.ActiveCfg = Release|Any CPU
		{343745E6-26A4-493C-A935-4E2B83D6BA00}.Release|Any CPU.Build.0 = Release|Any CPU
		{8DC4BF1E-4A22-48AE-9809-2FEE688E6864}.Debug|Any CPU.ActiveCfg = Debug|Any CPU
		{8DC4BF1E-4A22-48AE-9809-2FEE688E6864}.Debug|Any CPU.Build.0 = Debug|Any CPU
		{8DC4BF1E-4A22-48AE-9809-2FEE688E6864}.Release|Any CPU.ActiveCfg = Release|Any CPU
		{8DC4BF1E-4A22-48AE-9809-2FEE688E6864}.Release|Any CPU.Build.0 = Release|Any CPU
	EndGlobalSection
	GlobalSection(SolutionProperties) = preSolution
		HideSolutionNode = FALSE
	EndGlobalSection
	GlobalSection(ExtensibilityGlobals) = postSolution
		SolutionGuid = {DD23C72B-DB64-46D1-A120-E298CE55BB7C}
	EndGlobalSection
EndGlobal
