
Microsoft Visual Studio Solution File, Format Version 12.00
# Visual Studio Version 17
VisualStudioVersion = 17.4.33403.182
MinimumVisualStudioVersion = 10.0.40219.1
Project("{FAE04EC0-301F-11D3-BF4B-00C04F79EFBC}") = "DABw6_Exercise27", "DABw6_Exercise27\DABw6_Exercise27.csproj", "{5038E71A-5588-49A5-99BE-8D6BB81877EA}"
EndProject
Global
	GlobalSection(SolutionConfigurationPlatforms) = preSolution
		Debug|Any CPU = Debug|Any CPU
		Release|Any CPU = Release|Any CPU
	EndGlobalSection
	GlobalSection(ProjectConfigurationPlatforms) = postSolution
		{5038E71A-5588-49A5-99BE-8D6BB81877EA}.Debug|Any CPU.ActiveCfg = Debug|Any CPU
		{5038E71A-5588-49A5-99BE-8D6BB81877EA}.Debug|Any CPU.Build.0 = Debug|Any CPU
		{5038E71A-5588-49A5-99BE-8D6BB81877EA}.Release|Any CPU.ActiveCfg = Release|Any CPU
		{5038E71A-5588-49A5-99BE-8D6BB81877EA}.Release|Any CPU.Build.0 = Release|Any CPU
	EndGlobalSection
	GlobalSection(SolutionProperties) = preSolution
		HideSolutionNode = FALSE
	EndGlobalSection
	GlobalSection(ExtensibilityGlobals) = postSolution
		SolutionGuid = {C75B72BC-E6B2-414B-BBBD-A74E8A1ECD9A}
	EndGlobalSection
EndGlobal
